
Microsoft Visual Studio Solution File, Format Version 12.00
# Visual Studio Version 17
VisualStudioVersion = 17.6.33712.159
MinimumVisualStudioVersion = 10.0.40219.1
Project("{9A19103F-16F7-4668-BE54-9A1E7A4F7556}") = "System for Sending E-mail", "System for Sending E-mail.csproj", "{A06D1E7C-5F9E-4313-A531-4F4512115425}"
EndProject
Global
	GlobalSection(SolutionConfigurationPlatforms) = preSolution
		Debug|Any CPU = Debug|Any CPU
		Release|Any CPU = Release|Any CPU
	EndGlobalSection
	GlobalSection(ProjectConfigurationPlatforms) = postSolution
		{A06D1E7C-5F9E-4313-A531-4F4512115425}.Debug|Any CPU.ActiveCfg = Debug|Any CPU
		{A06D1E7C-5F9E-4313-A531-4F4512115425}.Debug|Any CPU.Build.0 = Debug|Any CPU
		{A06D1E7C-5F9E-4313-A531-4F4512115425}.Release|Any CPU.ActiveCfg = Release|Any CPU
		{A06D1E7C-5F9E-4313-A531-4F4512115425}.Release|Any CPU.Build.0 = Release|Any CPU
	EndGlobalSection
	GlobalSection(SolutionProperties) = preSolution
		HideSolutionNode = FALSE
	EndGlobalSection
	GlobalSection(ExtensibilityGlobals) = postSolution
		SolutionGuid = {6260B46A-D0BF-479A-BCBB-B6ACBF599F0E}
	EndGlobalSection
EndGlobal
